
Microsoft Visual Studio Solution File, Format Version 12.00
# Visual Studio 15
Project("{FAE04EC0-301F-11D3-BF4B-00C04F79EFBC}") = "ReversiAspDotNetCore", "ReversiAspDotNetCore\ReversiAspDotNetCore.csproj", "{9F62D702-0C75-4F10-96C3-2D59533AE759}"
EndProject
Project("{E53339B2-1760-4266-BCC7-CA923CBCF16C}") = "docker-compose", "docker-compose.dcproj", "{629FADFA-AF55-42D9-B99D-9382D746B333}"
EndProject
Global
	GlobalSection(SolutionConfigurationPlatforms) = preSolution
		Debug|Any CPU = Debug|Any CPU
		Release|Any CPU = Release|Any CPU
	EndGlobalSection
	GlobalSection(ProjectConfigurationPlatforms) = postSolution
		{9F62D702-0C75-4F10-96C3-2D59533AE759}.Debug|Any CPU.ActiveCfg = Debug|Any CPU
		{9F62D702-0C75-4F10-96C3-2D59533AE759}.Debug|Any CPU.Build.0 = Debug|Any CPU
		{9F62D702-0C75-4F10-96C3-2D59533AE759}.Release|Any CPU.ActiveCfg = Release|Any CPU
		{9F62D702-0C75-4F10-96C3-2D59533AE759}.Release|Any CPU.Build.0 = Release|Any CPU
		{629FADFA-AF55-42D9-B99D-9382D746B333}.Debug|Any CPU.ActiveCfg = Debug|Any CPU
		{629FADFA-AF55-42D9-B99D-9382D746B333}.Debug|Any CPU.Build.0 = Debug|Any CPU
		{629FADFA-AF55-42D9-B99D-9382D746B333}.Release|Any CPU.ActiveCfg = Release|Any CPU
		{629FADFA-AF55-42D9-B99D-9382D746B333}.Release|Any CPU.Build.0 = Release|Any CPU
	EndGlobalSection
EndGlobal
